{
  "name": "data-structures-and-algorithms",
  "version": "1.0.0",
  "lockfileVersion": 3,
  "requires": true,
  "packages": {
    "": {
      "name": "data-structures-and-algorithms",
      "version": "1.0.0",
      "license": "ISC",
      "dependencies": {
        "mergesort-dllr": "^1.1.1"
      }
    },
    "node_modules/mergesort-dllr": {
      "version": "1.1.1",
      "resolved": "https://registry.npmjs.org/mergesort-dllr/-/mergesort-dllr-1.1.1.tgz",
      "integrity": "sha512-UkgaFrHqeoOFsmPYM07tXGBA692RnCRh/c1WUiSyFMTdQIG8D2Aa+fFXMP5pbEAWvVG7jDi4fNAsWMOzrE7xLQ=="
    }
  }
}
