{
  "name": "data-structures-and-algorithms",
  "version": "1.0.0",
  "lockfileVersion": 3,
  "requires": true,
  "packages": {
    "": {
      "name": "data-structures-and-algorithms",
      "version": "1.0.0",
      "license": "ISC",
      "dependencies": {
        "mergesort-dllr": "^1.1.0"
      }
    },
    "node_modules/mergesort-dllr": {
      "version": "1.1.0",
      "resolved": "https://registry.npmjs.org/mergesort-dllr/-/mergesort-dllr-1.1.0.tgz",
      "integrity": "sha512-+ehAW1HmDy7TdLv8+KbGkMc+gomwmPv46DSePTvL2Tf/FfhzHXMlbz7H4irSubiiHVmlv/p/76J0cROcltqJBA=="
    }
  }
}
